
Microsoft Visual Studio Solution File, Format Version 12.00
# Visual Studio Version 17
VisualStudioVersion = 17.4.33205.214
MinimumVisualStudioVersion = 10.0.40219.1
Project("{9A19103F-16F7-4668-BE54-9A1E7A4F7556}") = "Airport Ticket Booking", "Airport Ticket Booking.csproj", "{2EA172E6-4C58-41B1-BDD1-84E41DDC86B9}"
EndProject
Project("{FAE04EC0-301F-11D3-BF4B-00C04F79EFBC}") = "Airport_Ticket_Booking_Test", "..\Airport_Ticket_Booking_Test\Airport_Ticket_Booking_Test.csproj", "{DE124C0D-C337-43DE-9BD3-522226A8D4F8}"
EndProject
Global
	GlobalSection(SolutionConfigurationPlatforms) = preSolution
		Debug|Any CPU = Debug|Any CPU
		Release|Any CPU = Release|Any CPU
	EndGlobalSection
	GlobalSection(ProjectConfigurationPlatforms) = postSolution
		{2EA172E6-4C58-41B1-BDD1-84E41DDC86B9}.Debug|Any CPU.ActiveCfg = Debug|Any CPU
		{2EA172E6-4C58-41B1-BDD1-84E41DDC86B9}.Debug|Any CPU.Build.0 = Debug|Any CPU
		{2EA172E6-4C58-41B1-BDD1-84E41DDC86B9}.Release|Any CPU.ActiveCfg = Release|Any CPU
		{2EA172E6-4C58-41B1-BDD1-84E41DDC86B9}.Release|Any CPU.Build.0 = Release|Any CPU
		{DE124C0D-C337-43DE-9BD3-522226A8D4F8}.Debug|Any CPU.ActiveCfg = Debug|Any CPU
		{DE124C0D-C337-43DE-9BD3-522226A8D4F8}.Debug|Any CPU.Build.0 = Debug|Any CPU
		{DE124C0D-C337-43DE-9BD3-522226A8D4F8}.Release|Any CPU.ActiveCfg = Release|Any CPU
		{DE124C0D-C337-43DE-9BD3-522226A8D4F8}.Release|Any CPU.Build.0 = Release|Any CPU
	EndGlobalSection
	GlobalSection(SolutionProperties) = preSolution
		HideSolutionNode = FALSE
	EndGlobalSection
	GlobalSection(ExtensibilityGlobals) = postSolution
		SolutionGuid = {6B5414A5-8263-4C2F-9E28-726F46C0A448}
	EndGlobalSection
EndGlobal
